
Microsoft Visual Studio Solution File, Format Version 12.00
# Visual Studio Version 17
VisualStudioVersion = 17.9.34714.143
MinimumVisualStudioVersion = 10.0.40219.1
Project("{FAE04EC0-301F-11D3-BF4B-00C04F79EFBC}") = "FlightCodingTest", "FlightCodingTest\FlightCodingTest.csproj", "{2B7BB0B3-CA4D-4A03-BBB9-4585447162D5}"
EndProject
Project("{FAE04EC0-301F-11D3-BF4B-00C04F79EFBC}") = "FlightCodingTest.Tests", "FlightCodingTest.Tests\FlightCodingTest.Tests.csproj", "{5B26AE83-5F9E-48C5-B2FA-1FE25E4A0682}"
EndProject
Global
	GlobalSection(SolutionConfigurationPlatforms) = preSolution
		Debug|Any CPU = Debug|Any CPU
		Release|Any CPU = Release|Any CPU
	EndGlobalSection
	GlobalSection(ProjectConfigurationPlatforms) = postSolution
		{2B7BB0B3-CA4D-4A03-BBB9-4585447162D5}.Debug|Any CPU.ActiveCfg = Debug|Any CPU
		{2B7BB0B3-CA4D-4A03-BBB9-4585447162D5}.Debug|Any CPU.Build.0 = Debug|Any CPU
		{2B7BB0B3-CA4D-4A03-BBB9-4585447162D5}.Release|Any CPU.ActiveCfg = Release|Any CPU
		{2B7BB0B3-CA4D-4A03-BBB9-4585447162D5}.Release|Any CPU.Build.0 = Release|Any CPU
		{5B26AE83-5F9E-48C5-B2FA-1FE25E4A0682}.Debug|Any CPU.ActiveCfg = Debug|Any CPU
		{5B26AE83-5F9E-48C5-B2FA-1FE25E4A0682}.Debug|Any CPU.Build.0 = Debug|Any CPU
		{5B26AE83-5F9E-48C5-B2FA-1FE25E4A0682}.Release|Any CPU.ActiveCfg = Release|Any CPU
		{5B26AE83-5F9E-48C5-B2FA-1FE25E4A0682}.Release|Any CPU.Build.0 = Release|Any CPU
	EndGlobalSection
	GlobalSection(SolutionProperties) = preSolution
		HideSolutionNode = FALSE
	EndGlobalSection
	GlobalSection(ExtensibilityGlobals) = postSolution
		SolutionGuid = {3C9E970E-7F51-4411-ABC8-04997E151CFD}
	EndGlobalSection
EndGlobal
